
Microsoft Visual Studio Solution File, Format Version 12.00
# Visual Studio Version 17
VisualStudioVersion = 17.11.35208.52
MinimumVisualStudioVersion = 10.0.40219.1
Project("{2150E333-8FDC-42A3-9474-1A3956D46DE8}") = "Ejercicio1", "Ejercicio1", "{78443DEA-CF9B-436A-A991-F9823684F923}"
EndProject
Project("{9A19103F-16F7-4668-BE54-9A1E7A4F7556}") = "Ejercicio1Escuela", "Escuela\Ejercicio1Escuela.csproj", "{FEE74813-D4F9-4B3C-9C50-728AB6AA5DCF}"
EndProject
Global
	GlobalSection(SolutionConfigurationPlatforms) = preSolution
		Debug|Any CPU = Debug|Any CPU
		Release|Any CPU = Release|Any CPU
	EndGlobalSection
	GlobalSection(ProjectConfigurationPlatforms) = postSolution
		{FEE74813-D4F9-4B3C-9C50-728AB6AA5DCF}.Debug|Any CPU.ActiveCfg = Debug|Any CPU
		{FEE74813-D4F9-4B3C-9C50-728AB6AA5DCF}.Debug|Any CPU.Build.0 = Debug|Any CPU
		{FEE74813-D4F9-4B3C-9C50-728AB6AA5DCF}.Release|Any CPU.ActiveCfg = Release|Any CPU
		{FEE74813-D4F9-4B3C-9C50-728AB6AA5DCF}.Release|Any CPU.Build.0 = Release|Any CPU
	EndGlobalSection
	GlobalSection(SolutionProperties) = preSolution
		HideSolutionNode = FALSE
	EndGlobalSection
	GlobalSection(NestedProjects) = preSolution
		{FEE74813-D4F9-4B3C-9C50-728AB6AA5DCF} = {78443DEA-CF9B-436A-A991-F9823684F923}
	EndGlobalSection
	GlobalSection(ExtensibilityGlobals) = postSolution
		SolutionGuid = {CC36CD03-9F0E-4B5A-8529-7FFB1C392B58}
	EndGlobalSection
EndGlobal
