
Microsoft Visual Studio Solution File, Format Version 12.00
# Visual Studio Version 17
VisualStudioVersion = 17.11.35208.52
MinimumVisualStudioVersion = 10.0.40219.1
Project("{FAE04EC0-301F-11D3-BF4B-00C04F79EFBC}") = "Practica1", "Practica1.csproj", "{FFFA0349-7268-4972-8854-FB0145846651}"
EndProject
Project("{FAE04EC0-301F-11D3-BF4B-00C04F79EFBC}") = "Practica1.2", "..\Practica1.2\Practica1.2.csproj", "{3434A320-2A74-4E3A-9587-9CC21FEC8B15}"
EndProject
Global
	GlobalSection(SolutionConfigurationPlatforms) = preSolution
		Debug|Any CPU = Debug|Any CPU
		Release|Any CPU = Release|Any CPU
	EndGlobalSection
	GlobalSection(ProjectConfigurationPlatforms) = postSolution
		{FFFA0349-7268-4972-8854-FB0145846651}.Debug|Any CPU.ActiveCfg = Debug|Any CPU
		{FFFA0349-7268-4972-8854-FB0145846651}.Debug|Any CPU.Build.0 = Debug|Any CPU
		{FFFA0349-7268-4972-8854-FB0145846651}.Release|Any CPU.ActiveCfg = Release|Any CPU
		{FFFA0349-7268-4972-8854-FB0145846651}.Release|Any CPU.Build.0 = Release|Any CPU
		{3434A320-2A74-4E3A-9587-9CC21FEC8B15}.Debug|Any CPU.ActiveCfg = Debug|Any CPU
		{3434A320-2A74-4E3A-9587-9CC21FEC8B15}.Debug|Any CPU.Build.0 = Debug|Any CPU
		{3434A320-2A74-4E3A-9587-9CC21FEC8B15}.Release|Any CPU.ActiveCfg = Release|Any CPU
		{3434A320-2A74-4E3A-9587-9CC21FEC8B15}.Release|Any CPU.Build.0 = Release|Any CPU
	EndGlobalSection
	GlobalSection(SolutionProperties) = preSolution
		HideSolutionNode = FALSE
	EndGlobalSection
	GlobalSection(ExtensibilityGlobals) = postSolution
		SolutionGuid = {56AD822C-B279-4A0D-AA08-69DF5AC2E5A6}
	EndGlobalSection
EndGlobal
